// !$*UTF8*$!
{
	archiveVersion = 1;
	classes = {
	};
	objectVersion = 55;
	objects = {

/* Begin PBXBuildFile section */
		9EFE400B27A1AA880082D66E /* ColorAppSwiftUIApp.swift in Sources */ = {isa = PBXBuildFile; fileRef = 9EFE400A27A1AA880082D66E /* ColorAppSwiftUIApp.swift */; };
		9EFE400D27A1AA880082D66E /* ContentView.swift in Sources */ = {isa = PBXBuildFile; fileRef = 9EFE400C27A1AA880082D66E /* ContentView.swift */; };
		9EFE400F27A1AA880082D66E /* Assets.xcassets in Resources */ = {isa = PBXBuildFile; fileRef = 9EFE400E27A1AA880082D66E /* Assets.xcassets */; };
		9EFE401227A1AA880082D66E /* Preview Assets.xcassets in Resources */ = {isa = PBXBuildFile; fileRef = 9EFE401127A1AA880082D66E /* Preview Assets.xcassets */; };
		9EFE401B27A1AAEB0082D66E /* SliderValueLabel.swift in Sources */ = {isa = PBXBuildFile; fileRef = 9EFE401A27A1AAEB0082D66E /* SliderValueLabel.swift */; };
		9EFE401D27A1AE920082D66E /* ColorView.swift in Sources */ = {isa = PBXBuildFile; fileRef = 9EFE401C27A1AE920082D66E /* ColorView.swift */; };
		9EFE401F27A1B12D0082D66E /* ColorSlider.swift in Sources */ = {isa = PBXBuildFile; fileRef = 9EFE401E27A1B12D0082D66E /* ColorSlider.swift */; };
/* End PBXBuildFile section */

/* Begin PBXFileReference section */
		9EFE400727A1AA880082D66E /* ColorAppSwiftUI.app */ = {isa = PBXFileReference; explicitFileType = wrapper.application; includeInIndex = 0; path = ColorAppSwiftUI.app; sourceTree = BUILT_PRODUCTS_DIR; };
		9EFE400A27A1AA880082D66E /* ColorAppSwiftUIApp.swift */ = {isa = PBXFileReference; lastKnownFileType = sourcecode.swift; path = ColorAppSwiftUIApp.swift; sourceTree = "<group>"; };
		9EFE400C27A1AA880082D66E /* ContentView.swift */ = {isa = PBXFileReference; lastKnownFileType = sourcecode.swift; path = ContentView.swift; sourceTree = "<group>"; };
		9EFE400E27A1AA880082D66E /* Assets.xcassets */ = {isa = PBXFileReference; lastKnownFileType = folder.assetcatalog; path = Assets.xcassets; sourceTree = "<group>"; };
		9EFE401127A1AA880082D66E /* Preview Assets.xcassets */ = {isa = PBXFileReference; lastKnownFileType = folder.assetcatalog; path = "Preview Assets.xcassets"; sourceTree = "<group>"; };
		9EFE401A27A1AAEB0082D66E /* SliderValueLabel.swift */ = {isa = PBXFileReference; lastKnownFileType = sourcecode.swift; path = SliderValueLabel.swift; sourceTree = "<group>"; };
		9EFE401C27A1AE920082D66E /* ColorView.swift */ = {isa = PBXFileReference; lastKnownFileType = sourcecode.swift; path = ColorView.swift; sourceTree = "<group>"; };
		9EFE401E27A1B12D0082D66E /* ColorSlider.swift */ = {isa = PBXFileReference; lastKnownFileType = sourcecode.swift; path = ColorSlider.swift; sourceTree = "<group>"; };
/* End PBXFileReference section */

/* Begin PBXFrameworksBuildPhase section */
		9EFE400427A1AA880082D66E /* Frameworks */ = {
			isa = PBXFrameworksBuildPhase;
			buildActionMask = 2147483647;
			files = (
			);
			runOnlyForDeploymentPostprocessing = 0;
		};
/* End PBXFrameworksBuildPhase section */

/* Begin PBXGroup section */
		9EFE3FFE27A1AA880082D66E = {
			isa = PBXGroup;
			children = (
				9EFE400927A1AA880082D66E /* ColorAppSwiftUI */,
				9EFE400827A1AA880082D66E /* Products */,
			);
			sourceTree = "<group>";
		};
		9EFE400827A1AA880082D66E /* Products */ = {
			isa = PBXGroup;
			children = (
				9EFE400727A1AA880082D66E /* ColorAppSwiftUI.app */,
			);
			name = Products;
			sourceTree = "<group>";
		};
		9EFE400927A1AA880082D66E /* ColorAppSwiftUI */ = {
			isa = PBXGroup;
			children = (
				9EFE400A27A1AA880082D66E /* ColorAppSwiftUIApp.swift */,
				9EFE400C27A1AA880082D66E /* ContentView.swift */,
				9EFE401A27A1AAEB0082D66E /* SliderValueLabel.swift */,
				9EFE401C27A1AE920082D66E /* ColorView.swift */,
				9EFE401E27A1B12D0082D66E /* ColorSlider.swift */,
				9EFE400E27A1AA880082D66E /* Assets.xcassets */,
				9EFE401027A1AA880082D66E /* Preview Content */,
			);
			path = ColorAppSwiftUI;
			sourceTree = "<group>";
		};
		9EFE401027A1AA880082D66E /* Preview Content */ = {
			isa = PBXGroup;
			children = (
				9EFE401127A1AA880082D66E /* Preview Assets.xcassets */,
			);
			path = "Preview Content";
			sourceTree = "<group>";
		};
/* End PBXGroup section */

/* Begin PBXNativeTarget section */
		9EFE400627A1AA880082D66E /* ColorAppSwiftUI */ = {
			isa = PBXNativeTarget;
			buildConfigurationList = 9EFE401527A1AA880082D66E /* Build configuration list for PBXNativeTarget "ColorAppSwiftUI" */;
			buildPhases = (
				9EFE400327A1AA880082D66E /* Sources */,
				9EFE400427A1AA880082D66E /* Frameworks */,
				9EFE400527A1AA880082D66E /* Resources */,
			);
			buildRules = (
			);
			dependencies = (
			);
			name = ColorAppSwiftUI;
			productName = ColorAppSwiftUI;
			productReference = 9EFE400727A1AA880082D66E /* ColorAppSwiftUI.app */;
			productType = "com.apple.product-type.application";
		};
/* End PBXNativeTarget section */

/* Begin PBXProject section */
		9EFE3FFF27A1AA880082D66E /* Project object */ = {
			isa = PBXProject;
			attributes = {
				BuildIndependentTargetsInParallel = 1;
				LastSwiftUpdateCheck = 1320;
				LastUpgradeCheck = 1320;
				TargetAttributes = {
					9EFE400627A1AA880082D66E = {
						CreatedOnToolsVersion = 13.2.1;
					};
				};
			};
			buildConfigurationList = 9EFE400227A1AA880082D66E /* Build configuration list for PBXProject "ColorAppSwiftUI" */;
			compatibilityVersion = "Xcode 13.0";
			developmentRegion = en;
			hasScannedForEncodings = 0;
			knownRegions = (
				en,
				Base,
			);
			mainGroup = 9EFE3FFE27A1AA880082D66E;
			productRefGroup = 9EFE400827A1AA880082D66E /* Products */;
			projectDirPath = "";
			projectRoot = "";
			targets = (
				9EFE400627A1AA880082D66E /* ColorAppSwiftUI */,
			);
		};
/* End PBXProject section */

/* Begin PBXResourcesBuildPhase section */
		9EFE400527A1AA880082D66E /* Resources */ = {
			isa = PBXResourcesBuildPhase;
			buildActionMask = 2147483647;
			files = (
				9EFE401227A1AA880082D66E /* Preview Assets.xcassets in Resources */,
				9EFE400F27A1AA880082D66E /* Assets.xcassets in Resources */,
			);
			runOnlyForDeploymentPostprocessing = 0;
		};
/* End PBXResourcesBuildPhase section */

/* Begin PBXSourcesBuildPhase section */
		9EFE400327A1AA880082D66E /* Sources */ = {
			isa = PBXSourcesBuildPhase;
			buildActionMask = 2147483647;
			files = (
				9EFE401D27A1AE920082D66E /* ColorView.swift in Sources */,
				9EFE401F27A1B12D0082D66E /* ColorSlider.swift in Sources */,
				9EFE401B27A1AAEB0082D66E /* SliderValueLabel.swift in Sources */,
				9EFE400D27A1AA880082D66E /* ContentView.swift in Sources */,
				9EFE400B27A1AA880082D66E /* ColorAppSwiftUIApp.swift in Sources */,
			);
			runOnlyForDeploymentPostprocessing = 0;
		};
/* End PBXSourcesBuildPhase section */

/* Begin XCBuildConfiguration section */
		9EFE401327A1AA880082D66E /* Debug */ = {
			isa = XCBuildConfiguration;
			buildSettings = {
				ALWAYS_SEARCH_USER_PATHS = NO;
				CLANG_ANALYZER_NONNULL = YES;
				CLANG_ANALYZER_NUMBER_OBJECT_CONVERSION = YES_AGGRESSIVE;
				CLANG_CXX_LANGUAGE_STANDARD = "gnu++17";
				CLANG_CXX_LIBRARY = "libc++";
				CLANG_ENABLE_MODULES = YES;
				CLANG_ENABLE_OBJC_ARC = YES;
				CLANG_ENABLE_OBJC_WEAK = YES;
				CLANG_WARN_BLOCK_CAPTURE_AUTORELEASING = YES;
				CLANG_WARN_BOOL_CONVERSION = YES;
				CLANG_WARN_COMMA = YES;
				CLANG_WARN_CONSTANT_CONVERSION = YES;
				CLANG_WARN_DEPRECATED_OBJC_IMPLEMENTATIONS = YES;
				CLANG_WARN_DIRECT_OBJC_ISA_USAGE = YES_ERROR;
				CLANG_WARN_DOCUMENTATION_COMMENTS = YES;
				CLANG_WARN_EMPTY_BODY = YES;
				CLANG_WARN_ENUM_CONVERSION = YES;
				CLANG_WARN_INFINITE_RECURSION = YES;
				CLANG_WARN_INT_CONVERSION = YES;
				CLANG_WARN_NON_LITERAL_NULL_CONVERSION = YES;
				CLANG_WARN_OBJC_IMPLICIT_RETAIN_SELF = YES;
				CLANG_WARN_OBJC_LITERAL_CONVERSION = YES;
				CLANG_WARN_OBJC_ROOT_CLASS = YES_ERROR;
				CLANG_WARN_QUOTED_INCLUDE_IN_FRAMEWORK_HEADER = YES;
				CLANG_WARN_RANGE_LOOP_ANALYSIS = YES;
				CLANG_WARN_STRICT_PROTOTYPES = YES;
				CLANG_WARN_SUSPICIOUS_MOVE = YES;
				CLANG_WARN_UNGUARDED_AVAILABILITY = YES_AGGRESSIVE;
				CLANG_WARN_UNREACHABLE_CODE = YES;
				CLANG_WARN__DUPLICATE_METHOD_MATCH = YES;
				COPY_PHASE_STRIP = NO;
				DEBUG_INFORMATION_FORMAT = dwarf;
				ENABLE_STRICT_OBJC_MSGSEND = YES;
				ENABLE_TESTABILITY = YES;
				GCC_C_LANGUAGE_STANDARD = gnu11;
				GCC_DYNAMIC_NO_PIC = NO;
				GCC_NO_COMMON_BLOCKS = YES;
				GCC_OPTIMIZATION_LEVEL = 0;
				GCC_PREPROCESSOR_DEFINITIONS = (
					"DEBUG=1",
					"$(inherited)",
				);
				GCC_WARN_64_TO_32_BIT_CONVERSION = YES;
				GCC_WARN_ABOUT_RETURN_TYPE = YES_ERROR;
				GCC_WARN_UNDECLARED_SELECTOR = YES;
				GCC_WARN_UNINITIALIZED_AUTOS = YES_AGGRESSIVE;
				GCC_WARN_UNUSED_FUNCTION = YES;
				GCC_WARN_UNUSED_VARIABLE = YES;
				IPHONEOS_DEPLOYMENT_TARGET = 15.2;
				MTL_ENABLE_DEBUG_INFO = INCLUDE_SOURCE;
				MTL_FAST_MATH = YES;
				ONLY_ACTIVE_ARCH = YES;
				SDKROOT = iphoneos;
				SWIFT_ACTIVE_COMPILATION_CONDITIONS = DEBUG;
				SWIFT_OPTIMIZATION_LEVEL = "-Onone";
			};
			name = Debug;
		};
		9EFE401427A1AA880082D66E /* Release */ = {
			isa = XCBuildConfiguration;
			buildSettings = {
				ALWAYS_SEARCH_USER_PATHS = NO;
				CLANG_ANALYZER_NONNULL = YES;
				CLANG_ANALYZER_NUMBER_OBJECT_CONVERSION = YES_AGGRESSIVE;
				CLANG_CXX_LANGUAGE_STANDARD = "gnu++17";
				CLANG_CXX_LIBRARY = "libc++";
				CLANG_ENABLE_MODULES = YES;
				CLANG_ENABLE_OBJC_ARC = YES;
				CLANG_ENABLE_OBJC_WEAK = YES;
				CLANG_WARN_BLOCK_CAPTURE_AUTORELEASING = YES;
				CLANG_WARN_BOOL_CONVERSION = YES;
				CLANG_WARN_COMMA = YES;
				CLANG_WARN_CONSTANT_CONVERSION = YES;
				CLANG_WARN_DEPRECATED_OBJC_IMPLEMENTATIONS = YES;
				CLANG_WARN_DIRECT_OBJC_ISA_USAGE = YES_ERROR;
				CLANG_WARN_DOCUMENTATION_COMMENTS = YES;
				CLANG_WARN_EMPTY_BODY = YES;
				CLANG_WARN_ENUM_CONVERSION = YES;
				CLANG_WARN_INFINITE_RECURSION = YES;
				CLANG_WARN_INT_CONVERSION = YES;
				CLANG_WARN_NON_LITERAL_NULL_CONVERSION = YES;
				CLANG_WARN_OBJC_IMPLICIT_RETAIN_SELF = YES;
				CLANG_WARN_OBJC_LITERAL_CONVERSION = YES;
				CLANG_WARN_OBJC_ROOT_CLASS = YES_ERROR;
				CLANG_WARN_QUOTED_INCLUDE_IN_FRAMEWORK_HEADER = YES;
				CLANG_WARN_RANGE_LOOP_ANALYSIS = YES;
				CLANG_WARN_STRICT_PROTOTYPES = YES;
				CLANG_WARN_SUSPICIOUS_MOVE = YES;
				CLANG_WARN_UNGUARDED_AVAILABILITY = YES_AGGRESSIVE;
				CLANG_WARN_UNREACHABLE_CODE = YES;
				CLANG_WARN__DUPLICATE_METHOD_MATCH = YES;
				COPY_PHASE_STRIP = NO;
				DEBUG_INFORMATION_FORMAT = "dwarf-with-dsym";
				ENABLE_NS_ASSERTIONS = NO;
				ENABLE_STRICT_OBJC_MSGSEND = YES;
				GCC_C_LANGUAGE_STANDARD = gnu11;
				GCC_NO_COMMON_BLOCKS = YES;
				GCC_WARN_64_TO_32_BIT_CONVERSION = YES;
				GCC_WARN_ABOUT_RETURN_TYPE = YES_ERROR;
				GCC_WARN_UNDECLARED_SELECTOR = YES;
				GCC_WARN_UNINITIALIZED_AUTOS = YES_AGGRESSIVE;
				GCC_WARN_UNUSED_FUNCTION = YES;
				GCC_WARN_UNUSED_VARIABLE = YES;
				IPHONEOS_DEPLOYMENT_TARGET = 15.2;
				MTL_ENABLE_DEBUG_INFO = NO;
				MTL_FAST_MATH = YES;
				SDKROOT = iphoneos;
				SWIFT_COMPILATION_MODE = wholemodule;
				SWIFT_OPTIMIZATION_LEVEL = "-O";
				VALIDATE_PRODUCT = YES;
			};
			name = Release;
		};
		9EFE401627A1AA880082D66E /* Debug */ = {
			isa = XCBuildConfiguration;
			buildSettings = {
				ASSETCATALOG_COMPILER_APPICON_NAME = AppIcon;
				ASSETCATALOG_COMPILER_GLOBAL_ACCENT_COLOR_NAME = AccentColor;
				CODE_SIGN_STYLE = Automatic;
				CURRENT_PROJECT_VERSION = 1;
				DEVELOPMENT_ASSET_PATHS = "\"ColorAppSwiftUI/Preview Content\"";
				DEVELOPMENT_TEAM = N92329592T;
				ENABLE_PREVIEWS = YES;
				GENERATE_INFOPLIST_FILE = YES;
				INFOPLIST_KEY_UIApplicationSceneManifest_Generation = YES;
				INFOPLIST_KEY_UIApplicationSupportsIndirectInputEvents = YES;
				INFOPLIST_KEY_UILaunchScreen_Generation = YES;
				INFOPLIST_KEY_UISupportedInterfaceOrientations_iPad = "UIInterfaceOrientationPortrait UIInterfaceOrientationPortraitUpsideDown UIInterfaceOrientationLandscapeLeft UIInterfaceOrientationLandscapeRight";
				INFOPLIST_KEY_UISupportedInterfaceOrientations_iPhone = "UIInterfaceOrientationPortrait UIInterfaceOrientationLandscapeLeft UIInterfaceOrientationLandscapeRight";
				LD_RUNPATH_SEARCH_PATHS = (
					"$(inherited)",
					"@executable_path/Frameworks",
				);
				MARKETING_VERSION = 1.0;
				PRODUCT_BUNDLE_IDENTIFIER = AlexP88.ColorAppSwiftUI;
				PRODUCT_NAME = "$(TARGET_NAME)";
				SWIFT_EMIT_LOC_STRINGS = YES;
				SWIFT_VERSION = 5.0;
				TARGETED_DEVICE_FAMILY = "1,2";
			};
			name = Debug;
		};
		9EFE401727A1AA880082D66E /* Release */ = {
			isa = XCBuildConfiguration;
			buildSettings = {
				ASSETCATALOG_COMPILER_APPICON_NAME = AppIcon;
				ASSETCATALOG_COMPILER_GLOBAL_ACCENT_COLOR_NAME = AccentColor;
				CODE_SIGN_STYLE = Automatic;
				CURRENT_PROJECT_VERSION = 1;
				DEVELOPMENT_ASSET_PATHS = "\"ColorAppSwiftUI/Preview Content\"";
				DEVELOPMENT_TEAM = N92329592T;
				ENABLE_PREVIEWS = YES;
				GENERATE_INFOPLIST_FILE = YES;
				INFOPLIST_KEY_UIApplicationSceneManifest_Generation = YES;
				INFOPLIST_KEY_UIApplicationSupportsIndirectInputEvents = YES;
				INFOPLIST_KEY_UILaunchScreen_Generation = YES;
				INFOPLIST_KEY_UISupportedInterfaceOrientations_iPad = "UIInterfaceOrientationPortrait UIInterfaceOrientationPortraitUpsideDown UIInterfaceOrientationLandscapeLeft UIInterfaceOrientationLandscapeRight";
				INFOPLIST_KEY_UISupportedInterfaceOrientations_iPhone = "UIInterfaceOrientationPortrait UIInterfaceOrientationLandscapeLeft UIInterfaceOrientationLandscapeRight";
				LD_RUNPATH_SEARCH_PATHS = (
					"$(inherited)",
					"@executable_path/Frameworks",
				);
				MARKETING_VERSION = 1.0;
				PRODUCT_BUNDLE_IDENTIFIER = AlexP88.ColorAppSwiftUI;
				PRODUCT_NAME = "$(TARGET_NAME)";
				SWIFT_EMIT_LOC_STRINGS = YES;
				SWIFT_VERSION = 5.0;
				TARGETED_DEVICE_FAMILY = "1,2";
			};
			name = Release;
		};
/* End XCBuildConfiguration section */

/* Begin XCConfigurationList section */
		9EFE400227A1AA880082D66E /* Build configuration list for PBXProject "ColorAppSwiftUI" */ = {
			isa = XCConfigurationList;
			buildConfigurations = (
				9EFE401327A1AA880082D66E /* Debug */,
				9EFE401427A1AA880082D66E /* Release */,
			);
			defaultConfigurationIsVisible = 0;
			defaultConfigurationName = Release;
		};
		9EFE401527A1AA880082D66E /* Build configuration list for PBXNativeTarget "ColorAppSwiftUI" */ = {
			isa = XCConfigurationList;
			buildConfigurations = (
				9EFE401627A1AA880082D66E /* Debug */,
				9EFE401727A1AA880082D66E /* Release */,
			);
			defaultConfigurationIsVisible = 0;
			defaultConfigurationName = Release;
		};
/* End XCConfigurationList section */
	};
	rootObject = 9EFE3FFF27A1AA880082D66E /* Project object */;
}
